// !$*UTF8*$!
{
	archiveVersion = 1;
	classes = {
	};
	objectVersion = 46;
	objects = {

/* Begin PBXBuildFile section */
		D38737D11ACCE08F002707DF /* main.m in Sources */ = {isa = PBXBuildFile; fileRef = D38737D01ACCE08F002707DF /* main.m */; };
		D38737D41ACCE08F002707DF /* AppDelegate.m in Sources */ = {isa = PBXBuildFile; fileRef = D38737D31ACCE08F002707DF /* AppDelegate.m */; };
		D38737D71ACCE08F002707DF /* ViewController.m in Sources */ = {isa = PBXBuildFile; fileRef = D38737D61ACCE08F002707DF /* ViewController.m */; };
		D38737DA1ACCE08F002707DF /* Main.storyboard in Resources */ = {isa = PBXBuildFile; fileRef = D38737D81ACCE08F002707DF /* Main.storyboard */; };
		D38737DC1ACCE08F002707DF /* Images.xcassets in Resources */ = {isa = PBXBuildFile; fileRef = D38737DB1ACCE08F002707DF /* Images.xcassets */; };
		D38737DF1ACCE08F002707DF /* LaunchScreen.xib in Resources */ = {isa = PBXBuildFile; fileRef = D38737DD1ACCE08F002707DF /* LaunchScreen.xib */; };
		D38737EB1ACCE090002707DF /* Pong1Tests.m in Sources */ = {isa = PBXBuildFile; fileRef = D38737EA1ACCE090002707DF /* Pong1Tests.m */; };
		D38737F61ACE2EDF002707DF /* Paddle.m in Sources */ = {isa = PBXBuildFile; fileRef = D38737F51ACE2EDF002707DF /* Paddle.m */; };
		D387382B1AD35046002707DF /* Ball.m in Sources */ = {isa = PBXBuildFile; fileRef = D387382A1AD35046002707DF /* Ball.m */; };
/* End PBXBuildFile section */

/* Begin PBXContainerItemProxy section */
		D38737E51ACCE090002707DF /* PBXContainerItemProxy */ = {
			isa = PBXContainerItemProxy;
			containerPortal = D38737C31ACCE08F002707DF /* Project object */;
			proxyType = 1;
			remoteGlobalIDString = D38737CA1ACCE08F002707DF;
			remoteInfo = Pong1;
		};
/* End PBXContainerItemProxy section */

/* Begin PBXFileReference section */
		D38737CB1ACCE08F002707DF /* Pong1.app */ = {isa = PBXFileReference; explicitFileType = wrapper.application; includeInIndex = 0; path = Pong1.app; sourceTree = BUILT_PRODUCTS_DIR; };
		D38737CF1ACCE08F002707DF /* Info.plist */ = {isa = PBXFileReference; lastKnownFileType = text.plist.xml; path = Info.plist; sourceTree = "<group>"; };
		D38737D01ACCE08F002707DF /* main.m */ = {isa = PBXFileReference; lastKnownFileType = sourcecode.c.objc; path = main.m; sourceTree = "<group>"; };
		D38737D21ACCE08F002707DF /* AppDelegate.h */ = {isa = PBXFileReference; lastKnownFileType = sourcecode.c.h; path = AppDelegate.h; sourceTree = "<group>"; };
		D38737D31ACCE08F002707DF /* AppDelegate.m */ = {isa = PBXFileReference; lastKnownFileType = sourcecode.c.objc; path = AppDelegate.m; sourceTree = "<group>"; };
		D38737D51ACCE08F002707DF /* ViewController.h */ = {isa = PBXFileReference; lastKnownFileType = sourcecode.c.h; path = ViewController.h; sourceTree = "<group>"; };
		D38737D61ACCE08F002707DF /* ViewController.m */ = {isa = PBXFileReference; lastKnownFileType = sourcecode.c.objc; path = ViewController.m; sourceTree = "<group>"; };
		D38737D91ACCE08F002707DF /* Base */ = {isa = PBXFileReference; lastKnownFileType = file.storyboard; name = Base; path = Base.lproj/Main.storyboard; sourceTree = "<group>"; };
		D38737DB1ACCE08F002707DF /* Images.xcassets */ = {isa = PBXFileReference; lastKnownFileType = folder.assetcatalog; path = Images.xcassets; sourceTree = "<group>"; };
		D38737DE1ACCE08F002707DF /* Base */ = {isa = PBXFileReference; lastKnownFileType = file.xib; name = Base; path = Base.lproj/LaunchScreen.xib; sourceTree = "<group>"; };
		D38737E41ACCE08F002707DF /* Pong1Tests.xctest */ = {isa = PBXFileReference; explicitFileType = wrapper.cfbundle; includeInIndex = 0; path = Pong1Tests.xctest; sourceTree = BUILT_PRODUCTS_DIR; };
		D38737E91ACCE090002707DF /* Info.plist */ = {isa = PBXFileReference; lastKnownFileType = text.plist.xml; path = Info.plist; sourceTree = "<group>"; };
		D38737EA1ACCE090002707DF /* Pong1Tests.m */ = {isa = PBXFileReference; lastKnownFileType = sourcecode.c.objc; path = Pong1Tests.m; sourceTree = "<group>"; };
		D38737F41ACE2EDF002707DF /* Paddle.h */ = {isa = PBXFileReference; fileEncoding = 4; lastKnownFileType = sourcecode.c.h; path = Paddle.h; sourceTree = "<group>"; };
		D38737F51ACE2EDF002707DF /* Paddle.m */ = {isa = PBXFileReference; fileEncoding = 4; lastKnownFileType = sourcecode.c.objc; path = Paddle.m; sourceTree = "<group>"; };
		D38738291AD35046002707DF /* Ball.h */ = {isa = PBXFileReference; fileEncoding = 4; lastKnownFileType = sourcecode.c.h; path = Ball.h; sourceTree = "<group>"; };
		D387382A1AD35046002707DF /* Ball.m */ = {isa = PBXFileReference; fileEncoding = 4; lastKnownFileType = sourcecode.c.objc; path = Ball.m; sourceTree = "<group>"; };
/* End PBXFileReference section */

/* Begin PBXFrameworksBuildPhase section */
		D38737C81ACCE08F002707DF /* Frameworks */ = {
			isa = PBXFrameworksBuildPhase;
			buildActionMask = 2147483647;
			files = (
			);
			runOnlyForDeploymentPostprocessing = 0;
		};
		D38737E11ACCE08F002707DF /* Frameworks */ = {
			isa = PBXFrameworksBuildPhase;
			buildActionMask = 2147483647;
			files = (
			);
			runOnlyForDeploymentPostprocessing = 0;
		};
/* End PBXFrameworksBuildPhase section */

/* Begin PBXGroup section */
		D38737C21ACCE08F002707DF = {
			isa = PBXGroup;
			children = (
				D38737CD1ACCE08F002707DF /* Pong1 */,
				D38737E71ACCE090002707DF /* Pong1Tests */,
				D38737CC1ACCE08F002707DF /* Products */,
			);
			sourceTree = "<group>";
		};
		D38737CC1ACCE08F002707DF /* Products */ = {
			isa = PBXGroup;
			children = (
				D38737CB1ACCE08F002707DF /* Pong1.app */,
				D38737E41ACCE08F002707DF /* Pong1Tests.xctest */,
			);
			name = Products;
			sourceTree = "<group>";
		};
		D38737CD1ACCE08F002707DF /* Pong1 */ = {
			isa = PBXGroup;
			children = (
				D38737D21ACCE08F002707DF /* AppDelegate.h */,
				D38737D31ACCE08F002707DF /* AppDelegate.m */,
				D38737D51ACCE08F002707DF /* ViewController.h */,
				D38737D61ACCE08F002707DF /* ViewController.m */,
				D38737F41ACE2EDF002707DF /* Paddle.h */,
				D38737F51ACE2EDF002707DF /* Paddle.m */,
				D38738291AD35046002707DF /* Ball.h */,
				D387382A1AD35046002707DF /* Ball.m */,
				D38737D81ACCE08F002707DF /* Main.storyboard */,
				D38737DB1ACCE08F002707DF /* Images.xcassets */,
				D38737DD1ACCE08F002707DF /* LaunchScreen.xib */,
				D38737CE1ACCE08F002707DF /* Supporting Files */,
			);
			path = Pong1;
			sourceTree = "<group>";
		};
		D38737CE1ACCE08F002707DF /* Supporting Files */ = {
			isa = PBXGroup;
			children = (
				D38737CF1ACCE08F002707DF /* Info.plist */,
				D38737D01ACCE08F002707DF /* main.m */,
			);
			name = "Supporting Files";
			sourceTree = "<group>";
		};
		D38737E71ACCE090002707DF /* Pong1Tests */ = {
			isa = PBXGroup;
			children = (
				D38737EA1ACCE090002707DF /* Pong1Tests.m */,
				D38737E81ACCE090002707DF /* Supporting Files */,
			);
			path = Pong1Tests;
			sourceTree = "<group>";
		};
		D38737E81ACCE090002707DF /* Supporting Files */ = {
			isa = PBXGroup;
			children = (
				D38737E91ACCE090002707DF /* Info.plist */,
			);
			name = "Supporting Files";
			sourceTree = "<group>";
		};
/* End PBXGroup section */

/* Begin PBXNativeTarget section */
		D38737CA1ACCE08F002707DF /* Pong1 */ = {
			isa = PBXNativeTarget;
			buildConfigurationList = D38737EE1ACCE090002707DF /* Build configuration list for PBXNativeTarget "Pong1" */;
			buildPhases = (
				D38737C71ACCE08F002707DF /* Sources */,
				D38737C81ACCE08F002707DF /* Frameworks */,
				D38737C91ACCE08F002707DF /* Resources */,
			);
			buildRules = (
			);
			dependencies = (
			);
			name = Pong1;
			productName = Pong1;
			productReference = D38737CB1ACCE08F002707DF /* Pong1.app */;
			productType = "com.apple.product-type.application";
		};
		D38737E31ACCE08F002707DF /* Pong1Tests */ = {
			isa = PBXNativeTarget;
			buildConfigurationList = D38737F11ACCE090002707DF /* Build configuration list for PBXNativeTarget "Pong1Tests" */;
			buildPhases = (
				D38737E01ACCE08F002707DF /* Sources */,
				D38737E11ACCE08F002707DF /* Frameworks */,
				D38737E21ACCE08F002707DF /* Resources */,
			);
			buildRules = (
			);
			dependencies = (
				D38737E61ACCE090002707DF /* PBXTargetDependency */,
			);
			name = Pong1Tests;
			productName = Pong1Tests;
			productReference = D38737E41ACCE08F002707DF /* Pong1Tests.xctest */;
			productType = "com.apple.product-type.bundle.unit-test";
		};
/* End PBXNativeTarget section */

/* Begin PBXProject section */
		D38737C31ACCE08F002707DF /* Project object */ = {
			isa = PBXProject;
			attributes = {
				LastUpgradeCheck = 0620;
				ORGANIZATIONNAME = "Peter Scheyer";
				TargetAttributes = {
					D38737CA1ACCE08F002707DF = {
						CreatedOnToolsVersion = 6.2;
					};
					D38737E31ACCE08F002707DF = {
						CreatedOnToolsVersion = 6.2;
						TestTargetID = D38737CA1ACCE08F002707DF;
					};
				};
			};
			buildConfigurationList = D38737C61ACCE08F002707DF /* Build configuration list for PBXProject "Pong1" */;
			compatibilityVersion = "Xcode 3.2";
			developmentRegion = English;
			hasScannedForEncodings = 0;
			knownRegions = (
				en,
				Base,
			);
			mainGroup = D38737C21ACCE08F002707DF;
			productRefGroup = D38737CC1ACCE08F002707DF /* Products */;
			projectDirPath = "";
			projectRoot = "";
			targets = (
				D38737CA1ACCE08F002707DF /* Pong1 */,
				D38737E31ACCE08F002707DF /* Pong1Tests */,
			);
		};
/* End PBXProject section */

/* Begin PBXResourcesBuildPhase section */
		D38737C91ACCE08F002707DF /* Resources */ = {
			isa = PBXResourcesBuildPhase;
			buildActionMask = 2147483647;
			files = (
				D38737DA1ACCE08F002707DF /* Main.storyboard in Resources */,
				D38737DF1ACCE08F002707DF /* LaunchScreen.xib in Resources */,
				D38737DC1ACCE08F002707DF /* Images.xcassets in Resources */,
			);
			runOnlyForDeploymentPostprocessing = 0;
		};
		D38737E21ACCE08F002707DF /* Resources */ = {
			isa = PBXResourcesBuildPhase;
			buildActionMask = 2147483647;
			files = (
			);
			runOnlyForDeploymentPostprocessing = 0;
		};
/* End PBXResourcesBuildPhase section */

/* Begin PBXSourcesBuildPhase section */
		D38737C71ACCE08F002707DF /* Sources */ = {
			isa = PBXSourcesBuildPhase;
			buildActionMask = 2147483647;
			files = (
				D387382B1AD35046002707DF /* Ball.m in Sources */,
				D38737D71ACCE08F002707DF /* ViewController.m in Sources */,
				D38737F61ACE2EDF002707DF /* Paddle.m in Sources */,
				D38737D41ACCE08F002707DF /* AppDelegate.m in Sources */,
				D38737D11ACCE08F002707DF /* main.m in Sources */,
			);
			runOnlyForDeploymentPostprocessing = 0;
		};
		D38737E01ACCE08F002707DF /* Sources */ = {
			isa = PBXSourcesBuildPhase;
			buildActionMask = 2147483647;
			files = (
				D38737EB1ACCE090002707DF /* Pong1Tests.m in Sources */,
			);
			runOnlyForDeploymentPostprocessing = 0;
		};
/* End PBXSourcesBuildPhase section */

/* Begin PBXTargetDependency section */
		D38737E61ACCE090002707DF /* PBXTargetDependency */ = {
			isa = PBXTargetDependency;
			target = D38737CA1ACCE08F002707DF /* Pong1 */;
			targetProxy = D38737E51ACCE090002707DF /* PBXContainerItemProxy */;
		};
/* End PBXTargetDependency section */

/* Begin PBXVariantGroup section */
		D38737D81ACCE08F002707DF /* Main.storyboard */ = {
			isa = PBXVariantGroup;
			children = (
				D38737D91ACCE08F002707DF /* Base */,
			);
			name = Main.storyboard;
			sourceTree = "<group>";
		};
		D38737DD1ACCE08F002707DF /* LaunchScreen.xib */ = {
			isa = PBXVariantGroup;
			children = (
				D38737DE1ACCE08F002707DF /* Base */,
			);
			name = LaunchScreen.xib;
			sourceTree = "<group>";
		};
/* End PBXVariantGroup section */

/* Begin XCBuildConfiguration section */
		D38737EC1ACCE090002707DF /* Debug */ = {
			isa = XCBuildConfiguration;
			buildSettings = {
				ALWAYS_SEARCH_USER_PATHS = NO;
				CLANG_CXX_LANGUAGE_STANDARD = "gnu++0x";
				CLANG_CXX_LIBRARY = "libc++";
				CLANG_ENABLE_MODULES = YES;
				CLANG_ENABLE_OBJC_ARC = YES;
				CLANG_WARN_BOOL_CONVERSION = YES;
				CLANG_WARN_CONSTANT_CONVERSION = YES;
				CLANG_WARN_DIRECT_OBJC_ISA_USAGE = YES_ERROR;
				CLANG_WARN_EMPTY_BODY = YES;
				CLANG_WARN_ENUM_CONVERSION = YES;
				CLANG_WARN_INT_CONVERSION = YES;
				CLANG_WARN_OBJC_ROOT_CLASS = YES_ERROR;
				CLANG_WARN_UNREACHABLE_CODE = YES;
				CLANG_WARN__DUPLICATE_METHOD_MATCH = YES;
				"CODE_SIGN_IDENTITY[sdk=iphoneos*]" = "iPhone Developer";
				COPY_PHASE_STRIP = NO;
				ENABLE_STRICT_OBJC_MSGSEND = YES;
				GCC_C_LANGUAGE_STANDARD = gnu99;
				GCC_DYNAMIC_NO_PIC = NO;
				GCC_OPTIMIZATION_LEVEL = 0;
				GCC_PREPROCESSOR_DEFINITIONS = (
					"DEBUG=1",
					"$(inherited)",
				);
				GCC_SYMBOLS_PRIVATE_EXTERN = NO;
				GCC_WARN_64_TO_32_BIT_CONVERSION = YES;
				GCC_WARN_ABOUT_RETURN_TYPE = YES_ERROR;
				GCC_WARN_UNDECLARED_SELECTOR = YES;
				GCC_WARN_UNINITIALIZED_AUTOS = YES_AGGRESSIVE;
				GCC_WARN_UNUSED_FUNCTION = YES;
				GCC_WARN_UNUSED_VARIABLE = YES;
				IPHONEOS_DEPLOYMENT_TARGET = 8.2;
				MTL_ENABLE_DEBUG_INFO = YES;
				ONLY_ACTIVE_ARCH = YES;
				SDKROOT = iphoneos;
				TARGETED_DEVICE_FAMILY = "1,2";
			};
			name = Debug;
		};
		D38737ED1ACCE090002707DF /* Release */ = {
			isa = XCBuildConfiguration;
			buildSettings = {
				ALWAYS_SEARCH_USER_PATHS = NO;
				CLANG_CXX_LANGUAGE_STANDARD = "gnu++0x";
				CLANG_CXX_LIBRARY = "libc++";
				CLANG_ENABLE_MODULES = YES;
				CLANG_ENABLE_OBJC_ARC = YES;
				CLANG_WARN_BOOL_CONVERSION = YES;
				CLANG_WARN_CONSTANT_CONVERSION = YES;
				CLANG_WARN_DIRECT_OBJC_ISA_USAGE = YES_ERROR;
				CLANG_WARN_EMPTY_BODY = YES;
				CLANG_WARN_ENUM_CONVERSION = YES;
				CLANG_WARN_INT_CONVERSION = YES;
				CLANG_WARN_OBJC_ROOT_CLASS = YES_ERROR;
				CLANG_WARN_UNREACHABLE_CODE = YES;
				CLANG_WARN__DUPLICATE_METHOD_MATCH = YES;
				"CODE_SIGN_IDENTITY[sdk=iphoneos*]" = "iPhone Developer";
				COPY_PHASE_STRIP = NO;
				ENABLE_NS_ASSERTIONS = NO;
				ENABLE_STRICT_OBJC_MSGSEND = YES;
				GCC_C_LANGUAGE_STANDARD = gnu99;
				GCC_WARN_64_TO_32_BIT_CONVERSION = YES;
				GCC_WARN_ABOUT_RETURN_TYPE = YES_ERROR;
				GCC_WARN_UNDECLARED_SELECTOR = YES;
				GCC_WARN_UNINITIALIZED_AUTOS = YES_AGGRESSIVE;
				GCC_WARN_UNUSED_FUNCTION = YES;
				GCC_WARN_UNUSED_VARIABLE = YES;
				IPHONEOS_DEPLOYMENT_TARGET = 8.2;
				MTL_ENABLE_DEBUG_INFO = NO;
				SDKROOT = iphoneos;
				TARGETED_DEVICE_FAMILY = "1,2";
				VALIDATE_PRODUCT = YES;
			};
			name = Release;
		};
		D38737EF1ACCE090002707DF /* Debug */ = {
			isa = XCBuildConfiguration;
			buildSettings = {
				ASSETCATALOG_COMPILER_APPICON_NAME = AppIcon;
				INFOPLIST_FILE = Pong1/Info.plist;
				LD_RUNPATH_SEARCH_PATHS = "$(inherited) @executable_path/Frameworks";
				PRODUCT_NAME = "$(TARGET_NAME)";
			};
			name = Debug;
		};
		D38737F01ACCE090002707DF /* Release */ = {
			isa = XCBuildConfiguration;
			buildSettings = {
				ASSETCATALOG_COMPILER_APPICON_NAME = AppIcon;
				INFOPLIST_FILE = Pong1/Info.plist;
				LD_RUNPATH_SEARCH_PATHS = "$(inherited) @executable_path/Frameworks";
				PRODUCT_NAME = "$(TARGET_NAME)";
			};
			name = Release;
		};
		D38737F21ACCE090002707DF /* Debug */ = {
			isa = XCBuildConfiguration;
			buildSettings = {
				BUNDLE_LOADER = "$(TEST_HOST)";
				FRAMEWORK_SEARCH_PATHS = (
					"$(SDKROOT)/Developer/Library/Frameworks",
					"$(inherited)",
				);
				GCC_PREPROCESSOR_DEFINITIONS = (
					"DEBUG=1",
					"$(inherited)",
				);
				INFOPLIST_FILE = Pong1Tests/Info.plist;
				LD_RUNPATH_SEARCH_PATHS = "$(inherited) @executable_path/Frameworks @loader_path/Frameworks";
				PRODUCT_NAME = "$(TARGET_NAME)";
				TEST_HOST = "$(BUILT_PRODUCTS_DIR)/Pong1.app/Pong1";
			};
			name = Debug;
		};
		D38737F31ACCE090002707DF /* Release */ = {
			isa = XCBuildConfiguration;
			buildSettings = {
				BUNDLE_LOADER = "$(TEST_HOST)";
				FRAMEWORK_SEARCH_PATHS = (
					"$(SDKROOT)/Developer/Library/Frameworks",
					"$(inherited)",
				);
				INFOPLIST_FILE = Pong1Tests/Info.plist;
				LD_RUNPATH_SEARCH_PATHS = "$(inherited) @executable_path/Frameworks @loader_path/Frameworks";
				PRODUCT_NAME = "$(TARGET_NAME)";
				TEST_HOST = "$(BUILT_PRODUCTS_DIR)/Pong1.app/Pong1";
			};
			name = Release;
		};
/* End XCBuildConfiguration section */

/* Begin XCConfigurationList section */
		D38737C61ACCE08F002707DF /* Build configuration list for PBXProject "Pong1" */ = {
			isa = XCConfigurationList;
			buildConfigurations = (
				D38737EC1ACCE090002707DF /* Debug */,
				D38737ED1ACCE090002707DF /* Release */,
			);
			defaultConfigurationIsVisible = 0;
			defaultConfigurationName = Release;
		};
		D38737EE1ACCE090002707DF /* Build configuration list for PBXNativeTarget "Pong1" */ = {
			isa = XCConfigurationList;
			buildConfigurations = (
				D38737EF1ACCE090002707DF /* Debug */,
				D38737F01ACCE090002707DF /* Release */,
			);
			defaultConfigurationIsVisible = 0;
		};
		D38737F11ACCE090002707DF /* Build configuration list for PBXNativeTarget "Pong1Tests" */ = {
			isa = XCConfigurationList;
			buildConfigurations = (
				D38737F21ACCE090002707DF /* Debug */,
				D38737F31ACCE090002707DF /* Release */,
			);
			defaultConfigurationIsVisible = 0;
		};
/* End XCConfigurationList section */
	};
	rootObject = D38737C31ACCE08F002707DF /* Project object */;
}
